<?xml version="1.0" encoding="utf-8"?>
<Project ToolsVersion="4.0" xmlns="http://schemas.microsoft.com/developer/msbuild/2003">
  <ItemGroup>
    <Filter Include="Source Files">
      <UniqueIdentifier>{4FC737F1-C7A5-4376-A066-2A32D752A2FF}</UniqueIdentifier>
      <Extensions>cpp;c;cc;cxx;c++;cppm;ixx;def;odl;idl;hpj;bat;asm;asmx</Extensions>
    </Filter>
    <Filter Include="Header Files">
      <UniqueIdentifier>{93995380-89BD-4b04-88EB-625FBE52EBFB}</UniqueIdentifier>
      <Extensions>h;hh;hpp;hxx;h++;hm;inl;inc;ipp;xsd</Extensions>
    </Filter>
    <Filter Include="Resource Files">
      <UniqueIdentifier>{67DA6AB6-F800-4c08-8B7A-83BB121AAD01}</UniqueIdentifier>
      <Extensions>rc;ico;cur;bmp;dlg;rc2;rct;bin;rgs;gif;jpg;jpeg;jpe;resx;tiff;tif;png;wav;mfcribbon-ms</Extensions>
    </Filter>
    <Filter Include="Header Files\Program Classes">
      <UniqueIdentifier>{3a8ecb4e-3475-49f9-8415-ca96a32aef61}</UniqueIdentifier>
    </Filter>
    <Filter Include="Header Files\DS Implementations">
      <UniqueIdentifier>{986180f8-0bcb-42d0-a4de-898e280955db}</UniqueIdentifier>
    </Filter>
    <Filter Include="Source Files\DS Implementations">
      <UniqueIdentifier>{0aadb780-d097-4d0a-80e9-563e4092d473}</UniqueIdentifier>
    </Filter>
    <Filter Include="Source Files\Program Classes">
      <UniqueIdentifier>{000e6748-3234-4c38-8e7e-62618b4d97e4}</UniqueIdentifier>
    </Filter>
  </ItemGroup>
  <ItemGroup>
    <ClCompile Include="main.cpp">
      <Filter>Source Files</Filter>
    </ClCompile>
    <ClCompile Include="DS Implementations\BTNode.cpp">
      <Filter>Source Files\DS Implementations</Filter>
    </ClCompile>
    <ClCompile Include="Program Classes\Process.cpp">
      <Filter>Source Files\Program Classes</Filter>
    </ClCompile>
    <ClCompile Include="Program Classes\FCFS.cpp">
      <Filter>Source Files\Program Classes</Filter>
    </ClCompile>
    <ClCompile Include="Program Classes\SJF.cpp">
      <Filter>Source Files\Program Classes</Filter>
    </ClCompile>
    <ClCompile Include="Program Classes\RR.cpp">
      <Filter>Source Files\Program Classes</Filter>
    </ClCompile>
  </ItemGroup>
  <ItemGroup>
    <ClInclude Include="Program Classes\Process.h">
      <Filter>Header Files\Program Classes</Filter>
    </ClInclude>
    <ClInclude Include="DS Implementations\BTNode.h">
      <Filter>Header Files\DS Implementations</Filter>
    </ClInclude>
    <ClInclude Include="D:\Sophomore Level\Second Term\Data Structure\Project\DS Implementations\LinkedList.h">
      <Filter>Header Files\DS Implementations</Filter>
    </ClInclude>
    <ClInclude Include="D:\Sophomore Level\Second Term\Data Structure\Project\DS Implementations\LinkedQueue.h">
      <Filter>Header Files\DS Implementations</Filter>
    </ClInclude>
    <ClInclude Include="D:\Sophomore Level\Second Term\Data Structure\Project\DS Implementations\Node.h">
      <Filter>Header Files\DS Implementations</Filter>
    </ClInclude>
    <ClInclude Include="D:\Sophomore Level\Second Term\Data Structure\Project\DS Implementations\QueueADT.h">
      <Filter>Header Files\DS Implementations</Filter>
    </ClInclude>
    <ClInclude Include="Program Classes\FCFS.h">
      <Filter>Header Files\Program Classes</Filter>
    </ClInclude>
    <ClInclude Include="Program Classes\Processor.h">
      <Filter>Header Files\Program Classes</Filter>
    </ClInclude>
    <ClInclude Include="Program Classes\RR.h">
      <Filter>Header Files\Program Classes</Filter>
    </ClInclude>
    <ClInclude Include="Program Classes\SJF.h">
      <Filter>Header Files\Program Classes</Filter>
    </ClInclude>
  </ItemGroup>
  <ItemGroup>
    <None Include="README.md" />
  </ItemGroup>
</Project>